
Microsoft Visual Studio Solution File, Format Version 12.00
# Visual Studio Version 16
VisualStudioVersion = 16.0.31729.503
MinimumVisualStudioVersion = 10.0.40219.1
Project("{FAE04EC0-301F-11D3-BF4B-00C04F79EFBC}") = "GestionInfirmerie", "GestionInfirmerie\GestionInfirmerie.csproj", "{FE62E7CD-A71B-414A-B27B-4BDCB9AD4A2D}"
EndProject
Global
	GlobalSection(SolutionConfigurationPlatforms) = preSolution
		Debug|Any CPU = Debug|Any CPU
		Release|Any CPU = Release|Any CPU
	EndGlobalSection
	GlobalSection(ProjectConfigurationPlatforms) = postSolution
		{FE62E7CD-A71B-414A-B27B-4BDCB9AD4A2D}.Debug|Any CPU.ActiveCfg = Debug|Any CPU
		{FE62E7CD-A71B-414A-B27B-4BDCB9AD4A2D}.Debug|Any CPU.Build.0 = Debug|Any CPU
		{FE62E7CD-A71B-414A-B27B-4BDCB9AD4A2D}.Release|Any CPU.ActiveCfg = Release|Any CPU
		{FE62E7CD-A71B-414A-B27B-4BDCB9AD4A2D}.Release|Any CPU.Build.0 = Release|Any CPU
	EndGlobalSection
	GlobalSection(SolutionProperties) = preSolution
		HideSolutionNode = FALSE
	EndGlobalSection
	GlobalSection(ExtensibilityGlobals) = postSolution
		SolutionGuid = {250EEC08-76BE-4773-9C50-4B0BADB554A6}
	EndGlobalSection
EndGlobal
